Microsoft Visual Studio Solution File, Format Version 10.00
# Visual Studio 2008
Project("{FAE04EC0-301F-11D3-BF4B-00C04F79EFBC}") = "CarTutorialProject", "CarTutorialProject.csproj", "{7976E27D-CF40-5E8C-DB01-B865AF1D2693}"
EndProject
Project("{8BC9CEB8-8B4A-11D0-8D11-00A0C91BC942}") = "CarTutorialTest", "..\CarTutorialTest\CarTutorialTest.vcproj", "{A18AF51B-6246-4054-BDB8-44B07D9C1CBA}"
EndProject
Project("{2150E333-8FDC-42A3-9474-1A3956D46DE8}") = "Solution Items", "Solution Items", "{E2277ADA-336C-486F-827D-FC043B5FB1BA}"
	ProjectSection(SolutionItems) = preProject
		CarTutorialProject.vsmdi = CarTutorialProject.vsmdi
		LocalTestRun.testrunconfig = LocalTestRun.testrunconfig
	EndProjectSection
EndProject
Global
	GlobalSection(TestCaseManagementSettings) = postSolution
		CategoryFile = CarTutorialProject.vsmdi
	EndGlobalSection
	GlobalSection(SolutionConfigurationPlatforms) = preSolution
		Debug|Any CPU = Debug|Any CPU
		Debug|Mixed Platforms = Debug|Mixed Platforms
		Debug|Win32 = Debug|Win32
		Release|Any CPU = Release|Any CPU
		Release|Mixed Platforms = Release|Mixed Platforms
		Release|Win32 = Release|Win32
	EndGlobalSection
	GlobalSection(ProjectConfigurationPlatforms) = postSolution
		{7976E27D-CF40-5E8C-DB01-B865AF1D2693}.Debug|Any CPU.ActiveCfg = Debug|Any CPU
		{7976E27D-CF40-5E8C-DB01-B865AF1D2693}.Debug|Any CPU.Build.0 = Debug|Any CPU
		{7976E27D-CF40-5E8C-DB01-B865AF1D2693}.Debug|Mixed Platforms.ActiveCfg = Debug|Any CPU
		{7976E27D-CF40-5E8C-DB01-B865AF1D2693}.Debug|Mixed Platforms.Build.0 = Debug|Any CPU
		{7976E27D-CF40-5E8C-DB01-B865AF1D2693}.Debug|Win32.ActiveCfg = Debug|Any CPU
		{7976E27D-CF40-5E8C-DB01-B865AF1D2693}.Release|Any CPU.ActiveCfg = Release|Any CPU
		{7976E27D-CF40-5E8C-DB01-B865AF1D2693}.Release|Any CPU.Build.0 = Release|Any CPU
		{7976E27D-CF40-5E8C-DB01-B865AF1D2693}.Release|Mixed Platforms.ActiveCfg = Release|Any CPU
		{7976E27D-CF40-5E8C-DB01-B865AF1D2693}.Release|Mixed Platforms.Build.0 = Release|Any CPU
		{7976E27D-CF40-5E8C-DB01-B865AF1D2693}.Release|Win32.ActiveCfg = Release|Any CPU
		{A18AF51B-6246-4054-BDB8-44B07D9C1CBA}.Debug|Any CPU.ActiveCfg = Debug|Win32
		{A18AF51B-6246-4054-BDB8-44B07D9C1CBA}.Debug|Mixed Platforms.ActiveCfg = Debug|Win32
		{A18AF51B-6246-4054-BDB8-44B07D9C1CBA}.Debug|Mixed Platforms.Build.0 = Debug|Win32
		{A18AF51B-6246-4054-BDB8-44B07D9C1CBA}.Debug|Win32.ActiveCfg = Debug|Win32
		{A18AF51B-6246-4054-BDB8-44B07D9C1CBA}.Debug|Win32.Build.0 = Debug|Win32
		{A18AF51B-6246-4054-BDB8-44B07D9C1CBA}.Release|Any CPU.ActiveCfg = Release|Win32
		{A18AF51B-6246-4054-BDB8-44B07D9C1CBA}.Release|Mixed Platforms.ActiveCfg = Release|Win32
		{A18AF51B-6246-4054-BDB8-44B07D9C1CBA}.Release|Mixed Platforms.Build.0 = Release|Win32
		{A18AF51B-6246-4054-BDB8-44B07D9C1CBA}.Release|Win32.ActiveCfg = Release|Win32
		{A18AF51B-6246-4054-BDB8-44B07D9C1CBA}.Release|Win32.Build.0 = Release|Win32
	EndGlobalSection
	GlobalSection(SolutionProperties) = preSolution
		HideSolutionNode = FALSE
	EndGlobalSection
EndGlobal
